
Microsoft Visual Studio Solution File, Format Version 12.00
# Visual Studio Version 16
VisualStudioVersion = 16.0.30011.22
MinimumVisualStudioVersion = 10.0.40219.1
Project("{FAE04EC0-301F-11D3-BF4B-00C04F79EFBC}") = "PositionalPatternMatching", "PositionalPatternMatching\PositionalPatternMatching.csproj", "{B3A9BD38-8360-4378-ADC2-AD904687F482}"
EndProject
Global
	GlobalSection(SolutionConfigurationPlatforms) = preSolution
		Debug|Any CPU = Debug|Any CPU
		Release|Any CPU = Release|Any CPU
	EndGlobalSection
	GlobalSection(ProjectConfigurationPlatforms) = postSolution
		{B3A9BD38-8360-4378-ADC2-AD904687F482}.Debug|Any CPU.ActiveCfg = Debug|Any CPU
		{B3A9BD38-8360-4378-ADC2-AD904687F482}.Debug|Any CPU.Build.0 = Debug|Any CPU
		{B3A9BD38-8360-4378-ADC2-AD904687F482}.Release|Any CPU.ActiveCfg = Release|Any CPU
		{B3A9BD38-8360-4378-ADC2-AD904687F482}.Release|Any CPU.Build.0 = Release|Any CPU
	EndGlobalSection
	GlobalSection(SolutionProperties) = preSolution
		HideSolutionNode = FALSE
	EndGlobalSection
	GlobalSection(ExtensibilityGlobals) = postSolution
		SolutionGuid = {24F10E36-7FFA-4D4C-8D19-1CD267BBF2B5}
	EndGlobalSection
EndGlobal
